
Microsoft Visual Studio Solution File, Format Version 12.00
# Visual Studio Version 17
VisualStudioVersion = 17.10.34916.146
MinimumVisualStudioVersion = 10.0.40219.1
Project("{9A19103F-16F7-4668-BE54-9A1E7A4F7556}") = "AceInternBatch1DotNetCore.RestApi", "AceInternBatch1DotNetCore.RestApi\AceInternBatch1DotNetCore.RestApi.csproj", "{CBEC3016-C022-401C-B27F-A490FDAAC006}"
EndProject
Project("{2150E333-8FDC-42A3-9474-1A3956D46DE8}") = "Documents", "Documents", "{7D04F4BB-1BD7-4843-9B96-CBB7E4DFF99C}"
	ProjectSection(SolutionItems) = preProject
		README.md = README.md
	EndProjectSection
EndProject
Global
	GlobalSection(SolutionConfigurationPlatforms) = preSolution
		Debug|Any CPU = Debug|Any CPU
		Release|Any CPU = Release|Any CPU
	EndGlobalSection
	GlobalSection(ProjectConfigurationPlatforms) = postSolution
		{CBEC3016-C022-401C-B27F-A490FDAAC006}.Debug|Any CPU.ActiveCfg = Debug|Any CPU
		{CBEC3016-C022-401C-B27F-A490FDAAC006}.Debug|Any CPU.Build.0 = Debug|Any CPU
		{CBEC3016-C022-401C-B27F-A490FDAAC006}.Release|Any CPU.ActiveCfg = Release|Any CPU
		{CBEC3016-C022-401C-B27F-A490FDAAC006}.Release|Any CPU.Build.0 = Release|Any CPU
	EndGlobalSection
	GlobalSection(SolutionProperties) = preSolution
		HideSolutionNode = FALSE
	EndGlobalSection
	GlobalSection(ExtensibilityGlobals) = postSolution
		SolutionGuid = {C39EF0B3-A176-4D3C-949D-F62ECD67E3A3}
	EndGlobalSection
EndGlobal
